{
  "nodes": {
    "ds": {
      "inputs": {
        "flake-utils": "flake-utils",
        "nixpkgs": "nixpkgs"
      },
      "locked": {
        "lastModified": 1650900878,
        "narHash": "sha256-qhNncMBSa9STnhiLfELEQpYC1L4GrYHNIzyCZ/pilsI=",
        "owner": "numtide",
        "repo": "devshell",
        "rev": "d97df53b5ddaa1cfbea7cddbd207eb2634304733",
        "type": "github"
      },
      "original": {
        "owner": "numtide",
        "ref": "master",
        "repo": "devshell",
        "type": "github"
      }
    },
    "flake-utils": {
      "locked": {
        "lastModified": 1642700792,
        "narHash": "sha256-XqHrk7hFb+zBvRg6Ghl+AZDq03ov6OshJLiSWOoX5es=",
        "owner": "numtide",
        "repo": "flake-utils",
        "rev": "846b2ae0fc4cc943637d3d1def4454213e203cba",
        "type": "github"
      },
      "original": {
        "owner": "numtide",
        "repo": "flake-utils",
        "type": "github"
      }
    },
    "fu": {
      "locked": {
        "lastModified": 1649676176,
        "narHash": "sha256-OWKJratjt2RW151VUlJPRALb7OU2S5s+f0vLj4o1bHM=",
        "owner": "numtide",
        "repo": "flake-utils",
        "rev": "a4b154ebbdc88c8498a5c7b01589addc9e9cb678",
        "type": "github"
      },
      "original": {
        "owner": "numtide",
        "ref": "master",
        "repo": "flake-utils",
        "type": "github"
      }
    },
    "nixpkgs": {
      "locked": {
        "lastModified": 1643381941,
        "narHash": "sha256-pHTwvnN4tTsEKkWlXQ8JMY423epos8wUOhthpwJjtpc=",
        "owner": "NixOS",
        "repo": "nixpkgs",
        "rev": "5efc8ca954272c4376ac929f4c5ffefcc20551d5",
        "type": "github"
      },
      "original": {
        "owner": "NixOS",
        "ref": "nixpkgs-unstable",
        "repo": "nixpkgs",
        "type": "github"
      }
    },
    "np": {
      "locked": {
        "lastModified": 1665993766,
        "narHash": "sha256-+lPrbR7AREWwXpYWku0gWtw4FwHhc/sHTkW64KZXA5o=",
        "owner": "nixos",
        "repo": "nixpkgs",
        "rev": "eaba04def711c69b5211d094bb5d673423121ae0",
        "type": "github"
      },
      "original": {
        "owner": "nixos",
        "ref": "master",
        "repo": "nixpkgs",
        "type": "github"
      }
    },
    "root": {
      "inputs": {
        "ds": "ds",
        "fu": "fu",
        "np": "np"
      }
    }
  },
  "root": "root",
  "version": 7
}
